
Microsoft Visual Studio Solution File, Format Version 12.00
# Visual Studio Version 17
VisualStudioVersion = 17.6.33723.286
MinimumVisualStudioVersion = 10.0.40219.1
Project("{FAE04EC0-301F-11D3-BF4B-00C04F79EFBC}") = "CoffeeMachine", "CoffeeMachine.csproj", "{234BFF85-CD53-423E-847A-D05AD9809353}"
EndProject
Global
	GlobalSection(SolutionConfigurationPlatforms) = preSolution
		Debug|Any CPU = Debug|Any CPU
		Release|Any CPU = Release|Any CPU
	EndGlobalSection
	GlobalSection(ProjectConfigurationPlatforms) = postSolution
		{234BFF85-CD53-423E-847A-D05AD9809353}.Debug|Any CPU.ActiveCfg = Debug|Any CPU
		{234BFF85-CD53-423E-847A-D05AD9809353}.Debug|Any CPU.Build.0 = Debug|Any CPU
		{234BFF85-CD53-423E-847A-D05AD9809353}.Release|Any CPU.ActiveCfg = Release|Any CPU
		{234BFF85-CD53-423E-847A-D05AD9809353}.Release|Any CPU.Build.0 = Release|Any CPU
	EndGlobalSection
	GlobalSection(SolutionProperties) = preSolution
		HideSolutionNode = FALSE
	EndGlobalSection
	GlobalSection(ExtensibilityGlobals) = postSolution
		SolutionGuid = {310AE79D-C26B-41D9-B7CE-7D85BBA5149E}
	EndGlobalSection
EndGlobal
